
Microsoft Visual Studio Solution File, Format Version 12.00
# Visual Studio Version 17
VisualStudioVersion = 17.13.36105.23 d17.13
MinimumVisualStudioVersion = 10.0.40219.1
Project("{FAE04EC0-301F-11D3-BF4B-00C04F79EFBC}") = "DevFreela.API", "DevFreela.API\DevFreela.API.csproj", "{246B9C3B-F113-43DF-AAEF-AF031766BCE7}"
EndProject
Global
	GlobalSection(SolutionConfigurationPlatforms) = preSolution
		Debug|Any CPU = Debug|Any CPU
		Release|Any CPU = Release|Any CPU
	EndGlobalSection
	GlobalSection(ProjectConfigurationPlatforms) = postSolution
		{246B9C3B-F113-43DF-AAEF-AF031766BCE7}.Debug|Any CPU.ActiveCfg = Debug|Any CPU
		{246B9C3B-F113-43DF-AAEF-AF031766BCE7}.Debug|Any CPU.Build.0 = Debug|Any CPU
		{246B9C3B-F113-43DF-AAEF-AF031766BCE7}.Release|Any CPU.ActiveCfg = Release|Any CPU
		{246B9C3B-F113-43DF-AAEF-AF031766BCE7}.Release|Any CPU.Build.0 = Release|Any CPU
	EndGlobalSection
	GlobalSection(SolutionProperties) = preSolution
		HideSolutionNode = FALSE
	EndGlobalSection
	GlobalSection(ExtensibilityGlobals) = postSolution
		SolutionGuid = {29A5C266-3608-4603-9CA6-755475CE5700}
	EndGlobalSection
EndGlobal
